// !$*UTF8*$!
{
	archiveVersion = 1;
	classes = {
	};
	objectVersion = 51;
	objects = {

/* Begin PBXBuildFile section */
		2D025F572417D1F7007287FC /* AppDelegate.swift in Sources */ = {isa = PBXBuildFile; fileRef = 2D025F562417D1F7007287FC /* AppDelegate.swift */; };
		2D025F592417D1F7007287FC /* SceneDelegate.swift in Sources */ = {isa = PBXBuildFile; fileRef = 2D025F582417D1F7007287FC /* SceneDelegate.swift */; };
		2D025F5E2417D1F7007287FC /* Main.storyboard in Resources */ = {isa = PBXBuildFile; fileRef = 2D025F5C2417D1F7007287FC /* Main.storyboard */; };
		2D025F602417D1F9007287FC /* Assets.xcassets in Resources */ = {isa = PBXBuildFile; fileRef = 2D025F5F2417D1F9007287FC /* Assets.xcassets */; };
		2D025F632417D1F9007287FC /* LaunchScreen.storyboard in Resources */ = {isa = PBXBuildFile; fileRef = 2D025F612417D1F9007287FC /* LaunchScreen.storyboard */; };
		2D03A9AC24A5F9CB00BC4219 /* InnerUserOrdersTableViewController.swift in Sources */ = {isa = PBXBuildFile; fileRef = 2D03A9AB24A5F9CB00BC4219 /* InnerUserOrdersTableViewController.swift */; };
		2D03A9AE24A60AE900BC4219 /* InnerUserOrdersTableCell.swift in Sources */ = {isa = PBXBuildFile; fileRef = 2D03A9AD24A60AE900BC4219 /* InnerUserOrdersTableCell.swift */; };
		2D03A9B024A625ED00BC4219 /* InnerUserPaymentsTableViewController.swift in Sources */ = {isa = PBXBuildFile; fileRef = 2D03A9AF24A625ED00BC4219 /* InnerUserPaymentsTableViewController.swift */; };
		2D03A9B224A6264200BC4219 /* InnerUserPaymentsCell.swift in Sources */ = {isa = PBXBuildFile; fileRef = 2D03A9B124A6264200BC4219 /* InnerUserPaymentsCell.swift */; };
		2D04F450246836370077F34F /* GroupViewController.swift in Sources */ = {isa = PBXBuildFile; fileRef = 2D04F44F246836370077F34F /* GroupViewController.swift */; };
		2D04F45224683DCD0077F34F /* GroupAddViewController.swift in Sources */ = {isa = PBXBuildFile; fileRef = 2D04F45124683DCD0077F34F /* GroupAddViewController.swift */; };
		2D0CB7122490C08F007EC85E /* BadgeLabel.swift in Sources */ = {isa = PBXBuildFile; fileRef = 2D0CB7112490C08F007EC85E /* BadgeLabel.swift */; };
		2D1BC21524743DD100419918 /* PopUpNewGroupViewController.swift in Sources */ = {isa = PBXBuildFile; fileRef = 2D1BC21424743DD100419918 /* PopUpNewGroupViewController.swift */; };
		2D24A860248FBE7900556526 /* Order.swift in Sources */ = {isa = PBXBuildFile; fileRef = 2D24A85F248FBE7900556526 /* Order.swift */; };
		2D2C8AC6246BCF18003A414D /* CustomLabel.swift in Sources */ = {isa = PBXBuildFile; fileRef = 2D2C8AC5246BCF18003A414D /* CustomLabel.swift */; };
		2D3865962466D8B5004D7918 /* User.swift in Sources */ = {isa = PBXBuildFile; fileRef = 2D3865952466D8B5004D7918 /* User.swift */; };
		2D3BAAF4243BC85F00464490 /* PopUp.swift in Sources */ = {isa = PBXBuildFile; fileRef = 2D3BAAF3243BC85F00464490 /* PopUp.swift */; };
		2D3BAAF6243BCD6700464490 /* PopUpRegistrationViewController.swift in Sources */ = {isa = PBXBuildFile; fileRef = 2D3BAAF5243BCD6700464490 /* PopUpRegistrationViewController.swift */; };
		2D3BAAFA243BCE0700464490 /* ProfileViewController.swift in Sources */ = {isa = PBXBuildFile; fileRef = 2D3BAAF9243BCE0700464490 /* ProfileViewController.swift */; };
		2D55BFDA24A4CA1A00A344DC /* InnerUserViewController.swift in Sources */ = {isa = PBXBuildFile; fileRef = 2D55BFD924A4CA1A00A344DC /* InnerUserViewController.swift */; };
		2D5F2F092491644E00997D0B /* GroupInnerViewController.swift in Sources */ = {isa = PBXBuildFile; fileRef = 2D5F2F082491644E00997D0B /* GroupInnerViewController.swift */; };
		2D632B86249BE83D00C1E7C3 /* GroupInnerTableViewCell.swift in Sources */ = {isa = PBXBuildFile; fileRef = 2D632B85249BE83D00C1E7C3 /* GroupInnerTableViewCell.swift */; };
		2D632B89249E7FB600C1E7C3 /* InnerTableViewController.swift in Sources */ = {isa = PBXBuildFile; fileRef = 2D632B88249E7FB600C1E7C3 /* InnerTableViewController.swift */; };
		2D632BAD249FB36D00C1E7C3 /* InnerViewController.swift in Sources */ = {isa = PBXBuildFile; fileRef = 2D632BAC249FB36D00C1E7C3 /* InnerViewController.swift */; };
		2D7B930F24696306001FF444 /* PopUpMainViewController.swift in Sources */ = {isa = PBXBuildFile; fileRef = 2D7B930E24696306001FF444 /* PopUpMainViewController.swift */; };
		2D7FC99924234D14004C5A9E /* RegistrationViewController.swift in Sources */ = {isa = PBXBuildFile; fileRef = 2D7FC99824234D14004C5A9E /* RegistrationViewController.swift */; };
		2D84C03F2433593B007ED54D /* CustomInputField.swift in Sources */ = {isa = PBXBuildFile; fileRef = 2D84C03E2433593B007ED54D /* CustomInputField.swift */; };
		2D84C0412434BC1F007ED54D /* LoginViewController.swift in Sources */ = {isa = PBXBuildFile; fileRef = 2D84C0402434BC1E007ED54D /* LoginViewController.swift */; };
		2D84C0432434E734007ED54D /* KeyboardController.swift in Sources */ = {isa = PBXBuildFile; fileRef = 2D84C0422434E734007ED54D /* KeyboardController.swift */; };
		2D84C0462434EE2E007ED54D /* CustomButton.swift in Sources */ = {isa = PBXBuildFile; fileRef = 2D84C0452434EE2E007ED54D /* CustomButton.swift */; };
		2D8D171F247819C5009C38CC /* Registration.swift in Sources */ = {isa = PBXBuildFile; fileRef = 2D8D171E247819C5009C38CC /* Registration.swift */; };
		2D8D1721247BB58E009C38CC /* Login.swift in Sources */ = {isa = PBXBuildFile; fileRef = 2D8D1720247BB58E009C38CC /* Login.swift */; };
		2D8D82552481473100B3617A /* Goods.swift in Sources */ = {isa = PBXBuildFile; fileRef = 2D8D82542481473000B3617A /* Goods.swift */; };
		2D8D82572485178C00B3617A /* ShopTableViewCell.swift in Sources */ = {isa = PBXBuildFile; fileRef = 2D8D82562485178B00B3617A /* ShopTableViewCell.swift */; };
		2D8D825A248995C400B3617A /* OrderViewController.swift in Sources */ = {isa = PBXBuildFile; fileRef = 2D8D8259248995C400B3617A /* OrderViewController.swift */; };
		2D8D825C248998D800B3617A /* OrderTableViewCell.swift in Sources */ = {isa = PBXBuildFile; fileRef = 2D8D825B248998D800B3617A /* OrderTableViewCell.swift */; };
		2D93DC2624192436008E7972 /* WPViewController.swift in Sources */ = {isa = PBXBuildFile; fileRef = 2D93DC2524192436008E7972 /* WPViewController.swift */; };
		2D93DC28241924A9008E7972 /* WCViewController.swift in Sources */ = {isa = PBXBuildFile; fileRef = 2D93DC27241924A9008E7972 /* WCViewController.swift */; };
		2DA85292247D4B5F00766CD1 /* ProfileEditViewController.swift in Sources */ = {isa = PBXBuildFile; fileRef = 2DA85291247D4B5F00766CD1 /* ProfileEditViewController.swift */; };
		2DA85294247D568800766CD1 /* KeyboardEasyViewController.swift in Sources */ = {isa = PBXBuildFile; fileRef = 2DA85293247D568800766CD1 /* KeyboardEasyViewController.swift */; };
		2DA85297247E862400766CD1 /* ShopAddViewController.swift in Sources */ = {isa = PBXBuildFile; fileRef = 2DA85296247E862400766CD1 /* ShopAddViewController.swift */; };
		2DA85299247FD88D00766CD1 /* CustomPickerInput.swift in Sources */ = {isa = PBXBuildFile; fileRef = 2DA85298247FD88D00766CD1 /* CustomPickerInput.swift */; };
		2DA8529B247FFB0000766CD1 /* ShopViewController.swift in Sources */ = {isa = PBXBuildFile; fileRef = 2DA8529A247FFB0000766CD1 /* ShopViewController.swift */; };
		2DA8529D24801CAB00766CD1 /* ShopIconsCollectionViewCell.swift in Sources */ = {isa = PBXBuildFile; fileRef = 2DA8529C24801CAB00766CD1 /* ShopIconsCollectionViewCell.swift */; };
		2DB0FB1D248A929500BA6AC2 /* OrderAddViewController.swift in Sources */ = {isa = PBXBuildFile; fileRef = 2DB0FB1C248A929500BA6AC2 /* OrderAddViewController.swift */; };
		2DB0FB1F248A978E00BA6AC2 /* OrderAddTableViewCell.swift in Sources */ = {isa = PBXBuildFile; fileRef = 2DB0FB1E248A978E00BA6AC2 /* OrderAddTableViewCell.swift */; };
		2DC90AC92488F8FC0016EF63 /* MainTableViewController.swift in Sources */ = {isa = PBXBuildFile; fileRef = 2DC90AC82488F8FC0016EF63 /* MainTableViewController.swift */; };
		2DF74C8F247688920026EF90 /* GroupTableViewCell.swift in Sources */ = {isa = PBXBuildFile; fileRef = 2DF74C8E247688920026EF90 /* GroupTableViewCell.swift */; };
		2DF74C9124768D8E0026EF90 /* Groups.swift in Sources */ = {isa = PBXBuildFile; fileRef = 2DF74C9024768D8E0026EF90 /* Groups.swift */; };
		2DFA8DC6243A771300680567 /* BubbleTabBar.swift in Sources */ = {isa = PBXBuildFile; fileRef = 2DFA8DC5243A771300680567 /* BubbleTabBar.swift */; };
		2DFA8DC8243A774600680567 /* BubbleTabBarController.swift in Sources */ = {isa = PBXBuildFile; fileRef = 2DFA8DC7243A774600680567 /* BubbleTabBarController.swift */; };
		2DFA8DCA243A776300680567 /* CBTabBarButton.swift in Sources */ = {isa = PBXBuildFile; fileRef = 2DFA8DC9243A776300680567 /* CBTabBarButton.swift */; };
		2DFA8DCC243A782300680567 /* MainTabBarViewController.swift in Sources */ = {isa = PBXBuildFile; fileRef = 2DFA8DCB243A782300680567 /* MainTabBarViewController.swift */; };
		6775670834A7FA196ADB6961 /* Pods_CoffeTeam.framework in Frameworks */ = {isa = PBXBuildFile; fileRef = 663C7CFDDA706E3DB1DFC975 /* Pods_CoffeTeam.framework */; };
/* End PBXBuildFile section */

/* Begin PBXFileReference section */
		2D025F532417D1F7007287FC /* CoffeTeam.app */ = {isa = PBXFileReference; explicitFileType = wrapper.application; includeInIndex = 0; path = CoffeTeam.app; sourceTree = BUILT_PRODUCTS_DIR; };
		2D025F562417D1F7007287FC /* AppDelegate.swift */ = {isa = PBXFileReference; lastKnownFileType = sourcecode.swift; path = AppDelegate.swift; sourceTree = "<group>"; };
		2D025F582417D1F7007287FC /* SceneDelegate.swift */ = {isa = PBXFileReference; lastKnownFileType = sourcecode.swift; path = SceneDelegate.swift; sourceTree = "<group>"; };
		2D025F5D2417D1F7007287FC /* Base */ = {isa = PBXFileReference; lastKnownFileType = file.storyboard; name = Base; path = Base.lproj/Main.storyboard; sourceTree = "<group>"; };
		2D025F5F2417D1F9007287FC /* Assets.xcassets */ = {isa = PBXFileReference; lastKnownFileType = folder.assetcatalog; path = Assets.xcassets; sourceTree = "<group>"; };
		2D025F622417D1F9007287FC /* Base */ = {isa = PBXFileReference; lastKnownFileType = file.storyboard; name = Base; path = Base.lproj/LaunchScreen.storyboard; sourceTree = "<group>"; };
		2D025F642417D1F9007287FC /* Info.plist */ = {isa = PBXFileReference; lastKnownFileType = text.plist.xml; path = Info.plist; sourceTree = "<group>"; };
		2D03A9AB24A5F9CB00BC4219 /* InnerUserOrdersTableViewController.swift */ = {isa = PBXFileReference; lastKnownFileType = sourcecode.swift; path = InnerUserOrdersTableViewController.swift; sourceTree = "<group>"; };
		2D03A9AD24A60AE900BC4219 /* InnerUserOrdersTableCell.swift */ = {isa = PBXFileReference; lastKnownFileType = sourcecode.swift; path = InnerUserOrdersTableCell.swift; sourceTree = "<group>"; };
		2D03A9AF24A625ED00BC4219 /* InnerUserPaymentsTableViewController.swift */ = {isa = PBXFileReference; lastKnownFileType = sourcecode.swift; path = InnerUserPaymentsTableViewController.swift; sourceTree = "<group>"; };
		2D03A9B124A6264200BC4219 /* InnerUserPaymentsCell.swift */ = {isa = PBXFileReference; lastKnownFileType = sourcecode.swift; path = InnerUserPaymentsCell.swift; sourceTree = "<group>"; };
		2D04F44F246836370077F34F /* GroupViewController.swift */ = {isa = PBXFileReference; lastKnownFileType = sourcecode.swift; path = GroupViewController.swift; sourceTree = "<group>"; };
		2D04F45124683DCD0077F34F /* GroupAddViewController.swift */ = {isa = PBXFileReference; lastKnownFileType = sourcecode.swift; path = GroupAddViewController.swift; sourceTree = "<group>"; };
		2D0CB7112490C08F007EC85E /* BadgeLabel.swift */ = {isa = PBXFileReference; lastKnownFileType = sourcecode.swift; path = BadgeLabel.swift; sourceTree = "<group>"; };
		2D1BC21424743DD100419918 /* PopUpNewGroupViewController.swift */ = {isa = PBXFileReference; lastKnownFileType = sourcecode.swift; path = PopUpNewGroupViewController.swift; sourceTree = "<group>"; };
		2D24A85F248FBE7900556526 /* Order.swift */ = {isa = PBXFileReference; lastKnownFileType = sourcecode.swift; path = Order.swift; sourceTree = "<group>"; };
		2D2C8AC5246BCF18003A414D /* CustomLabel.swift */ = {isa = PBXFileReference; lastKnownFileType = sourcecode.swift; path = CustomLabel.swift; sourceTree = "<group>"; };
		2D3865952466D8B5004D7918 /* User.swift */ = {isa = PBXFileReference; lastKnownFileType = sourcecode.swift; path = User.swift; sourceTree = "<group>"; };
		2D3BAAF3243BC85F00464490 /* PopUp.swift */ = {isa = PBXFileReference; lastKnownFileType = sourcecode.swift; path = PopUp.swift; sourceTree = "<group>"; };
		2D3BAAF5243BCD6700464490 /* PopUpRegistrationViewController.swift */ = {isa = PBXFileReference; lastKnownFileType = sourcecode.swift; path = PopUpRegistrationViewController.swift; sourceTree = "<group>"; };
		2D3BAAF9243BCE0700464490 /* ProfileViewController.swift */ = {isa = PBXFileReference; lastKnownFileType = sourcecode.swift; path = ProfileViewController.swift; sourceTree = "<group>"; };
		2D55BFD924A4CA1A00A344DC /* InnerUserViewController.swift */ = {isa = PBXFileReference; lastKnownFileType = sourcecode.swift; path = InnerUserViewController.swift; sourceTree = "<group>"; };
		2D5F2F082491644E00997D0B /* GroupInnerViewController.swift */ = {isa = PBXFileReference; lastKnownFileType = sourcecode.swift; path = GroupInnerViewController.swift; sourceTree = "<group>"; };
		2D632B85249BE83D00C1E7C3 /* GroupInnerTableViewCell.swift */ = {isa = PBXFileReference; lastKnownFileType = sourcecode.swift; path = GroupInnerTableViewCell.swift; sourceTree = "<group>"; };
		2D632B88249E7FB600C1E7C3 /* InnerTableViewController.swift */ = {isa = PBXFileReference; lastKnownFileType = sourcecode.swift; path = InnerTableViewController.swift; sourceTree = "<group>"; };
		2D632BAC249FB36D00C1E7C3 /* InnerViewController.swift */ = {isa = PBXFileReference; lastKnownFileType = sourcecode.swift; path = InnerViewController.swift; sourceTree = "<group>"; };
		2D7B930E24696306001FF444 /* PopUpMainViewController.swift */ = {isa = PBXFileReference; lastKnownFileType = sourcecode.swift; path = PopUpMainViewController.swift; sourceTree = "<group>"; };
		2D7FC99824234D14004C5A9E /* RegistrationViewController.swift */ = {isa = PBXFileReference; lastKnownFileType = sourcecode.swift; path = RegistrationViewController.swift; sourceTree = "<group>"; };
		2D84C03E2433593B007ED54D /* CustomInputField.swift */ = {isa = PBXFileReference; lastKnownFileType = sourcecode.swift; path = CustomInputField.swift; sourceTree = "<group>"; };
		2D84C0402434BC1E007ED54D /* LoginViewController.swift */ = {isa = PBXFileReference; lastKnownFileType = sourcecode.swift; path = LoginViewController.swift; sourceTree = "<group>"; };
		2D84C0422434E734007ED54D /* KeyboardController.swift */ = {isa = PBXFileReference; lastKnownFileType = sourcecode.swift; name = KeyboardController.swift; path = CoffeTeam/Auth/KeyboardController.swift; sourceTree = SOURCE_ROOT; };
		2D84C0452434EE2E007ED54D /* CustomButton.swift */ = {isa = PBXFileReference; lastKnownFileType = sourcecode.swift; path = CustomButton.swift; sourceTree = "<group>"; };
		2D8D171E247819C5009C38CC /* Registration.swift */ = {isa = PBXFileReference; lastKnownFileType = sourcecode.swift; path = Registration.swift; sourceTree = "<group>"; };
		2D8D1720247BB58E009C38CC /* Login.swift */ = {isa = PBXFileReference; lastKnownFileType = sourcecode.swift; path = Login.swift; sourceTree = "<group>"; };
		2D8D82542481473000B3617A /* Goods.swift */ = {isa = PBXFileReference; lastKnownFileType = sourcecode.swift; path = Goods.swift; sourceTree = "<group>"; };
		2D8D82562485178B00B3617A /* ShopTableViewCell.swift */ = {isa = PBXFileReference; lastKnownFileType = sourcecode.swift; path = ShopTableViewCell.swift; sourceTree = "<group>"; };
		2D8D8259248995C400B3617A /* OrderViewController.swift */ = {isa = PBXFileReference; lastKnownFileType = sourcecode.swift; path = OrderViewController.swift; sourceTree = "<group>"; };
		2D8D825B248998D800B3617A /* OrderTableViewCell.swift */ = {isa = PBXFileReference; lastKnownFileType = sourcecode.swift; path = OrderTableViewCell.swift; sourceTree = "<group>"; };
		2D93DC2524192436008E7972 /* WPViewController.swift */ = {isa = PBXFileReference; lastKnownFileType = sourcecode.swift; path = WPViewController.swift; sourceTree = "<group>"; };
		2D93DC27241924A9008E7972 /* WCViewController.swift */ = {isa = PBXFileReference; lastKnownFileType = sourcecode.swift; path = WCViewController.swift; sourceTree = "<group>"; };
		2DA85291247D4B5F00766CD1 /* ProfileEditViewController.swift */ = {isa = PBXFileReference; lastKnownFileType = sourcecode.swift; path = ProfileEditViewController.swift; sourceTree = "<group>"; };
		2DA85293247D568800766CD1 /* KeyboardEasyViewController.swift */ = {isa = PBXFileReference; lastKnownFileType = sourcecode.swift; name = KeyboardEasyViewController.swift; path = CoffeTeam/Profile/KeyboardEasyViewController.swift; sourceTree = SOURCE_ROOT; };
		2DA85296247E862400766CD1 /* ShopAddViewController.swift */ = {isa = PBXFileReference; lastKnownFileType = sourcecode.swift; path = ShopAddViewController.swift; sourceTree = "<group>"; };
		2DA85298247FD88D00766CD1 /* CustomPickerInput.swift */ = {isa = PBXFileReference; lastKnownFileType = sourcecode.swift; path = CustomPickerInput.swift; sourceTree = "<group>"; };
		2DA8529A247FFB0000766CD1 /* ShopViewController.swift */ = {isa = PBXFileReference; lastKnownFileType = sourcecode.swift; path = ShopViewController.swift; sourceTree = "<group>"; };
		2DA8529C24801CAB00766CD1 /* ShopIconsCollectionViewCell.swift */ = {isa = PBXFileReference; lastKnownFileType = sourcecode.swift; path = ShopIconsCollectionViewCell.swift; sourceTree = "<group>"; };
		2DB0FB1C248A929500BA6AC2 /* OrderAddViewController.swift */ = {isa = PBXFileReference; lastKnownFileType = sourcecode.swift; path = OrderAddViewController.swift; sourceTree = "<group>"; };
		2DB0FB1E248A978E00BA6AC2 /* OrderAddTableViewCell.swift */ = {isa = PBXFileReference; lastKnownFileType = sourcecode.swift; path = OrderAddTableViewCell.swift; sourceTree = "<group>"; };
		2DC90AC82488F8FC0016EF63 /* MainTableViewController.swift */ = {isa = PBXFileReference; lastKnownFileType = sourcecode.swift; path = MainTableViewController.swift; sourceTree = "<group>"; };
		2DF74C8E247688920026EF90 /* GroupTableViewCell.swift */ = {isa = PBXFileReference; lastKnownFileType = sourcecode.swift; path = GroupTableViewCell.swift; sourceTree = "<group>"; };
		2DF74C9024768D8E0026EF90 /* Groups.swift */ = {isa = PBXFileReference; lastKnownFileType = sourcecode.swift; path = Groups.swift; sourceTree = "<group>"; };
		2DFA8DC5243A771300680567 /* BubbleTabBar.swift */ = {isa = PBXFileReference; lastKnownFileType = sourcecode.swift; path = BubbleTabBar.swift; sourceTree = "<group>"; };
		2DFA8DC7243A774600680567 /* BubbleTabBarController.swift */ = {isa = PBXFileReference; lastKnownFileType = sourcecode.swift; path = BubbleTabBarController.swift; sourceTree = "<group>"; };
		2DFA8DC9243A776300680567 /* CBTabBarButton.swift */ = {isa = PBXFileReference; lastKnownFileType = sourcecode.swift; path = CBTabBarButton.swift; sourceTree = "<group>"; };
		2DFA8DCB243A782300680567 /* MainTabBarViewController.swift */ = {isa = PBXFileReference; lastKnownFileType = sourcecode.swift; name = MainTabBarViewController.swift; path = CoffeTeam/UiElements/TabBar/MainTabBarViewController.swift; sourceTree = SOURCE_ROOT; };
		663C7CFDDA706E3DB1DFC975 /* Pods_CoffeTeam.framework */ = {isa = PBXFileReference; explicitFileType = wrapper.framework; includeInIndex = 0; path = Pods_CoffeTeam.framework; sourceTree = BUILT_PRODUCTS_DIR; };
		BE714C66A4C799DEA8DF3B80 /* Pods-CoffeTeam.release.xcconfig */ = {isa = PBXFileReference; includeInIndex = 1; lastKnownFileType = text.xcconfig; name = "Pods-CoffeTeam.release.xcconfig"; path = "Target Support Files/Pods-CoffeTeam/Pods-CoffeTeam.release.xcconfig"; sourceTree = "<group>"; };
		EC7E136CDBBEFF0E458F3E6B /* Pods-CoffeTeam.debug.xcconfig */ = {isa = PBXFileReference; includeInIndex = 1; lastKnownFileType = text.xcconfig; name = "Pods-CoffeTeam.debug.xcconfig"; path = "Target Support Files/Pods-CoffeTeam/Pods-CoffeTeam.debug.xcconfig"; sourceTree = "<group>"; };
/* End PBXFileReference section */

/* Begin PBXFrameworksBuildPhase section */
		2D025F502417D1F7007287FC /* Frameworks */ = {
			isa = PBXFrameworksBuildPhase;
			buildActionMask = 2147483647;
			files = (
				6775670834A7FA196ADB6961 /* Pods_CoffeTeam.framework in Frameworks */,
			);
			runOnlyForDeploymentPostprocessing = 0;
		};
/* End PBXFrameworksBuildPhase section */

/* Begin PBXGroup section */
		2D025F4A2417D1F7007287FC = {
			isa = PBXGroup;
			children = (
				2D025F552417D1F7007287FC /* CoffeTeam */,
				2D025F542417D1F7007287FC /* Products */,
				449A6F010FEC1235659C9935 /* Pods */,
				5ED59FCF4A546E562BA83625 /* Frameworks */,
			);
			sourceTree = "<group>";
		};
		2D025F542417D1F7007287FC /* Products */ = {
			isa = PBXGroup;
			children = (
				2D025F532417D1F7007287FC /* CoffeTeam.app */,
			);
			name = Products;
			sourceTree = "<group>";
		};
		2D025F552417D1F7007287FC /* CoffeTeam */ = {
			isa = PBXGroup;
			children = (
				2D8D82582489959C00B3617A /* Order */,
				2DA85295247E860400766CD1 /* Shop */,
				2D04F44E246835DD0077F34F /* Group */,
				2D3865922466D823004D7918 /* Models */,
				2D3BAAF7243BCDE400464490 /* Profile */,
				2D84C0442434EDAD007ED54D /* UiElements */,
				2D7FC99724234C5B004C5A9E /* Auth */,
				2D2164C0241A467B00576697 /* Controller */,
				2D93DC24241923EF008E7972 /* Welcome */,
				2D025F562417D1F7007287FC /* AppDelegate.swift */,
				2D025F582417D1F7007287FC /* SceneDelegate.swift */,
				2D025F5C2417D1F7007287FC /* Main.storyboard */,
				2D025F5F2417D1F9007287FC /* Assets.xcassets */,
				2D025F612417D1F9007287FC /* LaunchScreen.storyboard */,
				2D025F642417D1F9007287FC /* Info.plist */,
			);
			path = CoffeTeam;
			sourceTree = "<group>";
		};
		2D04F44E246835DD0077F34F /* Group */ = {
			isa = PBXGroup;
			children = (
				2D632B87249E7F4B00C1E7C3 /* Inner */,
				2D04F44F246836370077F34F /* GroupViewController.swift */,
				2D5F2F082491644E00997D0B /* GroupInnerViewController.swift */,
				2DF74C8E247688920026EF90 /* GroupTableViewCell.swift */,
				2D632B85249BE83D00C1E7C3 /* GroupInnerTableViewCell.swift */,
				2D04F45124683DCD0077F34F /* GroupAddViewController.swift */,
			);
			path = Group;
			sourceTree = "<group>";
		};
		2D2164C0241A467B00576697 /* Controller */ = {
			isa = PBXGroup;
			children = (
				2D84C0422434E734007ED54D /* KeyboardController.swift */,
				2DA85293247D568800766CD1 /* KeyboardEasyViewController.swift */,
				2DFA8DCB243A782300680567 /* MainTabBarViewController.swift */,
				2DC90AC82488F8FC0016EF63 /* MainTableViewController.swift */,
			);
			path = Controller;
			sourceTree = "<group>";
		};
		2D3865922466D823004D7918 /* Models */ = {
			isa = PBXGroup;
			children = (
				2D3865952466D8B5004D7918 /* User.swift */,
				2DF74C9024768D8E0026EF90 /* Groups.swift */,
				2D24A85F248FBE7900556526 /* Order.swift */,
				2D8D171E247819C5009C38CC /* Registration.swift */,
				2D8D82542481473000B3617A /* Goods.swift */,
				2D8D1720247BB58E009C38CC /* Login.swift */,
			);
			path = Models;
			sourceTree = "<group>";
		};
		2D3BAAF2243BC83F00464490 /* PopUp */ = {
			isa = PBXGroup;
			children = (
				2D3BAAF3243BC85F00464490 /* PopUp.swift */,
				2D3BAAF5243BCD6700464490 /* PopUpRegistrationViewController.swift */,
				2D1BC21424743DD100419918 /* PopUpNewGroupViewController.swift */,
				2D7B930E24696306001FF444 /* PopUpMainViewController.swift */,
			);
			path = PopUp;
			sourceTree = "<group>";
		};
		2D3BAAF7243BCDE400464490 /* Profile */ = {
			isa = PBXGroup;
			children = (
				2D3BAAF9243BCE0700464490 /* ProfileViewController.swift */,
				2DA85291247D4B5F00766CD1 /* ProfileEditViewController.swift */,
			);
			path = Profile;
			sourceTree = "<group>";
		};
		2D632B87249E7F4B00C1E7C3 /* Inner */ = {
			isa = PBXGroup;
			children = (
				2D632B88249E7FB600C1E7C3 /* InnerTableViewController.swift */,
				2D03A9AB24A5F9CB00BC4219 /* InnerUserOrdersTableViewController.swift */,
				2D03A9AF24A625ED00BC4219 /* InnerUserPaymentsTableViewController.swift */,
				2D03A9AD24A60AE900BC4219 /* InnerUserOrdersTableCell.swift */,
				2D03A9B124A6264200BC4219 /* InnerUserPaymentsCell.swift */,
				2D632BAC249FB36D00C1E7C3 /* InnerViewController.swift */,
				2D55BFD924A4CA1A00A344DC /* InnerUserViewController.swift */,
			);
			path = Inner;
			sourceTree = "<group>";
		};
		2D7FC99724234C5B004C5A9E /* Auth */ = {
			isa = PBXGroup;
			children = (
				2D7FC99824234D14004C5A9E /* RegistrationViewController.swift */,
				2D84C0402434BC1E007ED54D /* LoginViewController.swift */,
			);
			path = Auth;
			sourceTree = "<group>";
		};
		2D84C0442434EDAD007ED54D /* UiElements */ = {
			isa = PBXGroup;
			children = (
				2D3BAAF2243BC83F00464490 /* PopUp */,
				2DFA8DC4243A76F500680567 /* TabBar */,
				2D84C03E2433593B007ED54D /* CustomInputField.swift */,
				2DA85298247FD88D00766CD1 /* CustomPickerInput.swift */,
				2D84C0452434EE2E007ED54D /* CustomButton.swift */,
				2D2C8AC5246BCF18003A414D /* CustomLabel.swift */,
				2D0CB7112490C08F007EC85E /* BadgeLabel.swift */,
			);
			path = UiElements;
			sourceTree = "<group>";
		};
		2D8D82582489959C00B3617A /* Order */ = {
			isa = PBXGroup;
			children = (
				2D8D8259248995C400B3617A /* OrderViewController.swift */,
				2DB0FB1C248A929500BA6AC2 /* OrderAddViewController.swift */,
				2DB0FB1E248A978E00BA6AC2 /* OrderAddTableViewCell.swift */,
				2D8D825B248998D800B3617A /* OrderTableViewCell.swift */,
			);
			path = Order;
			sourceTree = "<group>";
		};
		2D93DC24241923EF008E7972 /* Welcome */ = {
			isa = PBXGroup;
			children = (
				2D93DC2524192436008E7972 /* WPViewController.swift */,
				2D93DC27241924A9008E7972 /* WCViewController.swift */,
			);
			path = Welcome;
			sourceTree = "<group>";
		};
		2DA85295247E860400766CD1 /* Shop */ = {
			isa = PBXGroup;
			children = (
				2DA85296247E862400766CD1 /* ShopAddViewController.swift */,
				2DA8529A247FFB0000766CD1 /* ShopViewController.swift */,
				2D8D82562485178B00B3617A /* ShopTableViewCell.swift */,
				2DA8529C24801CAB00766CD1 /* ShopIconsCollectionViewCell.swift */,
			);
			path = Shop;
			sourceTree = "<group>";
		};
		2DFA8DC4243A76F500680567 /* TabBar */ = {
			isa = PBXGroup;
			children = (
				2DFA8DC5243A771300680567 /* BubbleTabBar.swift */,
				2DFA8DC7243A774600680567 /* BubbleTabBarController.swift */,
				2DFA8DC9243A776300680567 /* CBTabBarButton.swift */,
			);
			path = TabBar;
			sourceTree = "<group>";
		};
		449A6F010FEC1235659C9935 /* Pods */ = {
			isa = PBXGroup;
			children = (
				EC7E136CDBBEFF0E458F3E6B /* Pods-CoffeTeam.debug.xcconfig */,
				BE714C66A4C799DEA8DF3B80 /* Pods-CoffeTeam.release.xcconfig */,
			);
			path = Pods;
			sourceTree = "<group>";
		};
		5ED59FCF4A546E562BA83625 /* Frameworks */ = {
			isa = PBXGroup;
			children = (
				663C7CFDDA706E3DB1DFC975 /* Pods_CoffeTeam.framework */,
			);
			name = Frameworks;
			sourceTree = "<group>";
		};
/* End PBXGroup section */

/* Begin PBXNativeTarget section */
		2D025F522417D1F7007287FC /* CoffeTeam */ = {
			isa = PBXNativeTarget;
			buildConfigurationList = 2D025F672417D1F9007287FC /* Build configuration list for PBXNativeTarget "CoffeTeam" */;
			buildPhases = (
				A4662DD15A96CDD4B6E2582B /* [CP] Check Pods Manifest.lock */,
				2D025F4F2417D1F7007287FC /* Sources */,
				2D025F502417D1F7007287FC /* Frameworks */,
				2D025F512417D1F7007287FC /* Resources */,
				A58992224CB1AD3ADB0AF2EC /* [CP] Embed Pods Frameworks */,
			);
			buildRules = (
			);
			dependencies = (
			);
			name = CoffeTeam;
			productName = CoffeTeam;
			productReference = 2D025F532417D1F7007287FC /* CoffeTeam.app */;
			productType = "com.apple.product-type.application";
		};
/* End PBXNativeTarget section */

/* Begin PBXProject section */
		2D025F4B2417D1F7007287FC /* Project object */ = {
			isa = PBXProject;
			attributes = {
				LastSwiftUpdateCheck = 1130;
				LastUpgradeCheck = 1130;
				ORGANIZATIONNAME = "Алексей Морозов";
				TargetAttributes = {
					2D025F522417D1F7007287FC = {
						CreatedOnToolsVersion = 11.3.1;
					};
				};
			};
			buildConfigurationList = 2D025F4E2417D1F7007287FC /* Build configuration list for PBXProject "CoffeTeam" */;
			compatibilityVersion = "Xcode 9.3";
			developmentRegion = en;
			hasScannedForEncodings = 0;
			knownRegions = (
				en,
				Base,
			);
			mainGroup = 2D025F4A2417D1F7007287FC;
			productRefGroup = 2D025F542417D1F7007287FC /* Products */;
			projectDirPath = "";
			projectRoot = "";
			targets = (
				2D025F522417D1F7007287FC /* CoffeTeam */,
			);
		};
/* End PBXProject section */

/* Begin PBXResourcesBuildPhase section */
		2D025F512417D1F7007287FC /* Resources */ = {
			isa = PBXResourcesBuildPhase;
			buildActionMask = 2147483647;
			files = (
				2D025F632417D1F9007287FC /* LaunchScreen.storyboard in Resources */,
				2D025F602417D1F9007287FC /* Assets.xcassets in Resources */,
				2D025F5E2417D1F7007287FC /* Main.storyboard in Resources */,
			);
			runOnlyForDeploymentPostprocessing = 0;
		};
/* End PBXResourcesBuildPhase section */

/* Begin PBXShellScriptBuildPhase section */
		A4662DD15A96CDD4B6E2582B /* [CP] Check Pods Manifest.lock */ = {
			isa = PBXShellScriptBuildPhase;
			buildActionMask = 2147483647;
			files = (
			);
			inputFileListPaths = (
			);
			inputPaths = (
				"${PODS_PODFILE_DIR_PATH}/Podfile.lock",
				"${PODS_ROOT}/Manifest.lock",
			);
			name = "[CP] Check Pods Manifest.lock";
			outputFileListPaths = (
			);
			outputPaths = (
				"$(DERIVED_FILE_DIR)/Pods-CoffeTeam-checkManifestLockResult.txt",
			);
			runOnlyForDeploymentPostprocessing = 0;
			shellPath = /bin/sh;
			shellScript = "diff \"${PODS_PODFILE_DIR_PATH}/Podfile.lock\" \"${PODS_ROOT}/Manifest.lock\" > /dev/null\nif [ $? != 0 ] ; then\n    # print error to STDERR\n    echo \"error: The sandbox is not in sync with the Podfile.lock. Run 'pod install' or update your CocoaPods installation.\" >&2\n    exit 1\nfi\n# This output is used by Xcode 'outputs' to avoid re-running this script phase.\necho \"SUCCESS\" > \"${SCRIPT_OUTPUT_FILE_0}\"\n";
			showEnvVarsInLog = 0;
		};
		A58992224CB1AD3ADB0AF2EC /* [CP] Embed Pods Frameworks */ = {
			isa = PBXShellScriptBuildPhase;
			buildActionMask = 2147483647;
			files = (
			);
			inputFileListPaths = (
				"${PODS_ROOT}/Target Support Files/Pods-CoffeTeam/Pods-CoffeTeam-frameworks-${CONFIGURATION}-input-files.xcfilelist",
			);
			name = "[CP] Embed Pods Frameworks";
			outputFileListPaths = (
				"${PODS_ROOT}/Target Support Files/Pods-CoffeTeam/Pods-CoffeTeam-frameworks-${CONFIGURATION}-output-files.xcfilelist",
			);
			runOnlyForDeploymentPostprocessing = 0;
			shellPath = /bin/sh;
			shellScript = "\"${PODS_ROOT}/Target Support Files/Pods-CoffeTeam/Pods-CoffeTeam-frameworks.sh\"\n";
			showEnvVarsInLog = 0;
		};
/* End PBXShellScriptBuildPhase section */

/* Begin PBXSourcesBuildPhase section */
		2D025F4F2417D1F7007287FC /* Sources */ = {
			isa = PBXSourcesBuildPhase;
			buildActionMask = 2147483647;
			files = (
				2D0CB7122490C08F007EC85E /* BadgeLabel.swift in Sources */,
				2D8D82552481473100B3617A /* Goods.swift in Sources */,
				2DA8529D24801CAB00766CD1 /* ShopIconsCollectionViewCell.swift in Sources */,
				2D632BAD249FB36D00C1E7C3 /* InnerViewController.swift in Sources */,
				2D24A860248FBE7900556526 /* Order.swift in Sources */,
				2D7FC99924234D14004C5A9E /* RegistrationViewController.swift in Sources */,
				2D03A9B224A6264200BC4219 /* InnerUserPaymentsCell.swift in Sources */,
				2D3BAAF4243BC85F00464490 /* PopUp.swift in Sources */,
				2DA85297247E862400766CD1 /* ShopAddViewController.swift in Sources */,
				2D8D82572485178C00B3617A /* ShopTableViewCell.swift in Sources */,
				2D03A9AC24A5F9CB00BC4219 /* InnerUserOrdersTableViewController.swift in Sources */,
				2DFA8DCC243A782300680567 /* MainTabBarViewController.swift in Sources */,
				2D03A9AE24A60AE900BC4219 /* InnerUserOrdersTableCell.swift in Sources */,
				2DF74C8F247688920026EF90 /* GroupTableViewCell.swift in Sources */,
				2DA85299247FD88D00766CD1 /* CustomPickerInput.swift in Sources */,
				2DA85294247D568800766CD1 /* KeyboardEasyViewController.swift in Sources */,
				2DFA8DC6243A771300680567 /* BubbleTabBar.swift in Sources */,
				2D8D171F247819C5009C38CC /* Registration.swift in Sources */,
				2D025F572417D1F7007287FC /* AppDelegate.swift in Sources */,
				2DC90AC92488F8FC0016EF63 /* MainTableViewController.swift in Sources */,
				2DA85292247D4B5F00766CD1 /* ProfileEditViewController.swift in Sources */,
				2DA8529B247FFB0000766CD1 /* ShopViewController.swift in Sources */,
				2D025F592417D1F7007287FC /* SceneDelegate.swift in Sources */,
				2DB0FB1D248A929500BA6AC2 /* OrderAddViewController.swift in Sources */,
				2D3BAAFA243BCE0700464490 /* ProfileViewController.swift in Sources */,
				2D04F45224683DCD0077F34F /* GroupAddViewController.swift in Sources */,
				2D1BC21524743DD100419918 /* PopUpNewGroupViewController.swift in Sources */,
				2D84C0462434EE2E007ED54D /* CustomButton.swift in Sources */,
				2D632B89249E7FB600C1E7C3 /* InnerTableViewController.swift in Sources */,
				2D632B86249BE83D00C1E7C3 /* GroupInnerTableViewCell.swift in Sources */,
				2D84C0432434E734007ED54D /* KeyboardController.swift in Sources */,
				2DF74C9124768D8E0026EF90 /* Groups.swift in Sources */,
				2D8D1721247BB58E009C38CC /* Login.swift in Sources */,
				2DFA8DCA243A776300680567 /* CBTabBarButton.swift in Sources */,
				2DFA8DC8243A774600680567 /* BubbleTabBarController.swift in Sources */,
				2D7B930F24696306001FF444 /* PopUpMainViewController.swift in Sources */,
				2DB0FB1F248A978E00BA6AC2 /* OrderAddTableViewCell.swift in Sources */,
				2D84C0412434BC1F007ED54D /* LoginViewController.swift in Sources */,
				2D2C8AC6246BCF18003A414D /* CustomLabel.swift in Sources */,
				2D5F2F092491644E00997D0B /* GroupInnerViewController.swift in Sources */,
				2D04F450246836370077F34F /* GroupViewController.swift in Sources */,
				2D8D825C248998D800B3617A /* OrderTableViewCell.swift in Sources */,
				2D84C03F2433593B007ED54D /* CustomInputField.swift in Sources */,
				2D55BFDA24A4CA1A00A344DC /* InnerUserViewController.swift in Sources */,
				2D3865962466D8B5004D7918 /* User.swift in Sources */,
				2D93DC2624192436008E7972 /* WPViewController.swift in Sources */,
				2D3BAAF6243BCD6700464490 /* PopUpRegistrationViewController.swift in Sources */,
				2D03A9B024A625ED00BC4219 /* InnerUserPaymentsTableViewController.swift in Sources */,
				2D93DC28241924A9008E7972 /* WCViewController.swift in Sources */,
				2D8D825A248995C400B3617A /* OrderViewController.swift in Sources */,
			);
			runOnlyForDeploymentPostprocessing = 0;
		};
/* End PBXSourcesBuildPhase section */

/* Begin PBXVariantGroup section */
		2D025F5C2417D1F7007287FC /* Main.storyboard */ = {
			isa = PBXVariantGroup;
			children = (
				2D025F5D2417D1F7007287FC /* Base */,
			);
			name = Main.storyboard;
			sourceTree = "<group>";
		};
		2D025F612417D1F9007287FC /* LaunchScreen.storyboard */ = {
			isa = PBXVariantGroup;
			children = (
				2D025F622417D1F9007287FC /* Base */,
			);
			name = LaunchScreen.storyboard;
			sourceTree = "<group>";
		};
/* End PBXVariantGroup section */

/* Begin XCBuildConfiguration section */
		2D025F652417D1F9007287FC /* Debug */ = {
			isa = XCBuildConfiguration;
			buildSettings = {
				ALWAYS_SEARCH_USER_PATHS = NO;
				CLANG_ANALYZER_NONNULL = YES;
				CLANG_ANALYZER_NUMBER_OBJECT_CONVERSION = YES_AGGRESSIVE;
				CLANG_CXX_LANGUAGE_STANDARD = "gnu++14";
				CLANG_CXX_LIBRARY = "libc++";
				CLANG_ENABLE_MODULES = YES;
				CLANG_ENABLE_OBJC_ARC = YES;
				CLANG_ENABLE_OBJC_WEAK = YES;
				CLANG_WARN_BLOCK_CAPTURE_AUTORELEASING = YES;
				CLANG_WARN_BOOL_CONVERSION = YES;
				CLANG_WARN_COMMA = YES;
				CLANG_WARN_CONSTANT_CONVERSION = YES;
				CLANG_WARN_DEPRECATED_OBJC_IMPLEMENTATIONS = YES;
				CLANG_WARN_DIRECT_OBJC_ISA_USAGE = YES_ERROR;
				CLANG_WARN_DOCUMENTATION_COMMENTS = YES;
				CLANG_WARN_EMPTY_BODY = YES;
				CLANG_WARN_ENUM_CONVERSION = YES;
				CLANG_WARN_INFINITE_RECURSION = YES;
				CLANG_WARN_INT_CONVERSION = YES;
				CLANG_WARN_NON_LITERAL_NULL_CONVERSION = YES;
				CLANG_WARN_OBJC_IMPLICIT_RETAIN_SELF = YES;
				CLANG_WARN_OBJC_LITERAL_CONVERSION = YES;
				CLANG_WARN_OBJC_ROOT_CLASS = YES_ERROR;
				CLANG_WARN_RANGE_LOOP_ANALYSIS = YES;
				CLANG_WARN_STRICT_PROTOTYPES = YES;
				CLANG_WARN_SUSPICIOUS_MOVE = YES;
				CLANG_WARN_UNGUARDED_AVAILABILITY = YES_AGGRESSIVE;
				CLANG_WARN_UNREACHABLE_CODE = YES;
				CLANG_WARN__DUPLICATE_METHOD_MATCH = YES;
				COPY_PHASE_STRIP = NO;
				DEBUG_INFORMATION_FORMAT = dwarf;
				ENABLE_STRICT_OBJC_MSGSEND = YES;
				ENABLE_TESTABILITY = YES;
				GCC_C_LANGUAGE_STANDARD = gnu11;
				GCC_DYNAMIC_NO_PIC = NO;
				GCC_NO_COMMON_BLOCKS = YES;
				GCC_OPTIMIZATION_LEVEL = 0;
				GCC_PREPROCESSOR_DEFINITIONS = (
					"DEBUG=1",
					"$(inherited)",
				);
				GCC_WARN_64_TO_32_BIT_CONVERSION = YES;
				GCC_WARN_ABOUT_RETURN_TYPE = YES_ERROR;
				GCC_WARN_UNDECLARED_SELECTOR = YES;
				GCC_WARN_UNINITIALIZED_AUTOS = YES_AGGRESSIVE;
				GCC_WARN_UNUSED_FUNCTION = YES;
				GCC_WARN_UNUSED_VARIABLE = YES;
				IPHONEOS_DEPLOYMENT_TARGET = 13.2;
				MTL_ENABLE_DEBUG_INFO = INCLUDE_SOURCE;
				MTL_FAST_MATH = YES;
				ONLY_ACTIVE_ARCH = YES;
				SDKROOT = iphoneos;
				SWIFT_ACTIVE_COMPILATION_CONDITIONS = DEBUG;
				SWIFT_OPTIMIZATION_LEVEL = "-Onone";
			};
			name = Debug;
		};
		2D025F662417D1F9007287FC /* Release */ = {
			isa = XCBuildConfiguration;
			buildSettings = {
				ALWAYS_SEARCH_USER_PATHS = NO;
				CLANG_ANALYZER_NONNULL = YES;
				CLANG_ANALYZER_NUMBER_OBJECT_CONVERSION = YES_AGGRESSIVE;
				CLANG_CXX_LANGUAGE_STANDARD = "gnu++14";
				CLANG_CXX_LIBRARY = "libc++";
				CLANG_ENABLE_MODULES = YES;
				CLANG_ENABLE_OBJC_ARC = YES;
				CLANG_ENABLE_OBJC_WEAK = YES;
				CLANG_WARN_BLOCK_CAPTURE_AUTORELEASING = YES;
				CLANG_WARN_BOOL_CONVERSION = YES;
				CLANG_WARN_COMMA = YES;
				CLANG_WARN_CONSTANT_CONVERSION = YES;
				CLANG_WARN_DEPRECATED_OBJC_IMPLEMENTATIONS = YES;
				CLANG_WARN_DIRECT_OBJC_ISA_USAGE = YES_ERROR;
				CLANG_WARN_DOCUMENTATION_COMMENTS = YES;
				CLANG_WARN_EMPTY_BODY = YES;
				CLANG_WARN_ENUM_CONVERSION = YES;
				CLANG_WARN_INFINITE_RECURSION = YES;
				CLANG_WARN_INT_CONVERSION = YES;
				CLANG_WARN_NON_LITERAL_NULL_CONVERSION = YES;
				CLANG_WARN_OBJC_IMPLICIT_RETAIN_SELF = YES;
				CLANG_WARN_OBJC_LITERAL_CONVERSION = YES;
				CLANG_WARN_OBJC_ROOT_CLASS = YES_ERROR;
				CLANG_WARN_RANGE_LOOP_ANALYSIS = YES;
				CLANG_WARN_STRICT_PROTOTYPES = YES;
				CLANG_WARN_SUSPICIOUS_MOVE = YES;
				CLANG_WARN_UNGUARDED_AVAILABILITY = YES_AGGRESSIVE;
				CLANG_WARN_UNREACHABLE_CODE = YES;
				CLANG_WARN__DUPLICATE_METHOD_MATCH = YES;
				COPY_PHASE_STRIP = NO;
				DEBUG_INFORMATION_FORMAT = "dwarf-with-dsym";
				ENABLE_NS_ASSERTIONS = NO;
				ENABLE_STRICT_OBJC_MSGSEND = YES;
				GCC_C_LANGUAGE_STANDARD = gnu11;
				GCC_NO_COMMON_BLOCKS = YES;
				GCC_WARN_64_TO_32_BIT_CONVERSION = YES;
				GCC_WARN_ABOUT_RETURN_TYPE = YES_ERROR;
				GCC_WARN_UNDECLARED_SELECTOR = YES;
				GCC_WARN_UNINITIALIZED_AUTOS = YES_AGGRESSIVE;
				GCC_WARN_UNUSED_FUNCTION = YES;
				GCC_WARN_UNUSED_VARIABLE = YES;
				IPHONEOS_DEPLOYMENT_TARGET = 13.2;
				MTL_ENABLE_DEBUG_INFO = NO;
				MTL_FAST_MATH = YES;
				SDKROOT = iphoneos;
				SWIFT_COMPILATION_MODE = wholemodule;
				SWIFT_OPTIMIZATION_LEVEL = "-O";
				VALIDATE_PRODUCT = YES;
			};
			name = Release;
		};
		2D025F682417D1F9007287FC /* Debug */ = {
			isa = XCBuildConfiguration;
			baseConfigurationReference = EC7E136CDBBEFF0E458F3E6B /* Pods-CoffeTeam.debug.xcconfig */;
			buildSettings = {
				ASSETCATALOG_COMPILER_APPICON_NAME = AppIcon;
				CODE_SIGN_STYLE = Automatic;
				DEVELOPMENT_TEAM = CT36LKZ4UW;
				INFOPLIST_FILE = CoffeTeam/Info.plist;
				LD_RUNPATH_SEARCH_PATHS = (
					"$(inherited)",
					"@executable_path/Frameworks",
				);
				PRODUCT_BUNDLE_IDENTIFIER = "Aleksey-Morozov.CoffeTeam";
				PRODUCT_NAME = "$(TARGET_NAME)";
				SWIFT_VERSION = 5.0;
				TARGETED_DEVICE_FAMILY = 1;
			};
			name = Debug;
		};
		2D025F692417D1F9007287FC /* Release */ = {
			isa = XCBuildConfiguration;
			baseConfigurationReference = BE714C66A4C799DEA8DF3B80 /* Pods-CoffeTeam.release.xcconfig */;
			buildSettings = {
				ASSETCATALOG_COMPILER_APPICON_NAME = AppIcon;
				CODE_SIGN_STYLE = Automatic;
				DEVELOPMENT_TEAM = CT36LKZ4UW;
				INFOPLIST_FILE = CoffeTeam/Info.plist;
				LD_RUNPATH_SEARCH_PATHS = (
					"$(inherited)",
					"@executable_path/Frameworks",
				);
				PRODUCT_BUNDLE_IDENTIFIER = "Aleksey-Morozov.CoffeTeam";
				PRODUCT_NAME = "$(TARGET_NAME)";
				SWIFT_VERSION = 5.0;
				TARGETED_DEVICE_FAMILY = 1;
			};
			name = Release;
		};
/* End XCBuildConfiguration section */

/* Begin XCConfigurationList section */
		2D025F4E2417D1F7007287FC /* Build configuration list for PBXProject "CoffeTeam" */ = {
			isa = XCConfigurationList;
			buildConfigurations = (
				2D025F652417D1F9007287FC /* Debug */,
				2D025F662417D1F9007287FC /* Release */,
			);
			defaultConfigurationIsVisible = 0;
			defaultConfigurationName = Release;
		};
		2D025F672417D1F9007287FC /* Build configuration list for PBXNativeTarget "CoffeTeam" */ = {
			isa = XCConfigurationList;
			buildConfigurations = (
				2D025F682417D1F9007287FC /* Debug */,
				2D025F692417D1F9007287FC /* Release */,
			);
			defaultConfigurationIsVisible = 0;
			defaultConfigurationName = Release;
		};
/* End XCConfigurationList section */
	};
	rootObject = 2D025F4B2417D1F7007287FC /* Project object */;
}
